
Microsoft Visual Studio Solution File, Format Version 12.00
# Visual Studio Version 17
VisualStudioVersion = 17.11.35327.3
MinimumVisualStudioVersion = 10.0.40219.1
Project("{FAE04EC0-301F-11D3-BF4B-00C04F79EFBC}") = "WebFileManagement.Server", "WebFileManagement.Server\WebFileManagement.Server.csproj", "{389CAF5A-EBEE-4221-A717-33A614D2E61D}"
EndProject
Project("{FAE04EC0-301F-11D3-BF4B-00C04F79EFBC}") = "WebFileManagement.Service", "WebFileManagement.Service\WebFileManagement.Service.csproj", "{57A91BCE-5FFA-4158-B629-07221BB51275}"
EndProject
Project("{FAE04EC0-301F-11D3-BF4B-00C04F79EFBC}") = "WebFileManagement.StorageBroker", "WebFileManagement.StorageBroker\WebFileManagement.StorageBroker.csproj", "{67D258C7-B132-4A94-A82A-A1D847A24D73}"
EndProject
Global
	GlobalSection(SolutionConfigurationPlatforms) = preSolution
		Debug|Any CPU = Debug|Any CPU
		Release|Any CPU = Release|Any CPU
	EndGlobalSection
	GlobalSection(ProjectConfigurationPlatforms) = postSolution
		{389CAF5A-EBEE-4221-A717-33A614D2E61D}.Debug|Any CPU.ActiveCfg = Debug|Any CPU
		{389CAF5A-EBEE-4221-A717-33A614D2E61D}.Debug|Any CPU.Build.0 = Debug|Any CPU
		{389CAF5A-EBEE-4221-A717-33A614D2E61D}.Release|Any CPU.ActiveCfg = Release|Any CPU
		{389CAF5A-EBEE-4221-A717-33A614D2E61D}.Release|Any CPU.Build.0 = Release|Any CPU
		{57A91BCE-5FFA-4158-B629-07221BB51275}.Debug|Any CPU.ActiveCfg = Debug|Any CPU
		{57A91BCE-5FFA-4158-B629-07221BB51275}.Debug|Any CPU.Build.0 = Debug|Any CPU
		{57A91BCE-5FFA-4158-B629-07221BB51275}.Release|Any CPU.ActiveCfg = Release|Any CPU
		{57A91BCE-5FFA-4158-B629-07221BB51275}.Release|Any CPU.Build.0 = Release|Any CPU
		{67D258C7-B132-4A94-A82A-A1D847A24D73}.Debug|Any CPU.ActiveCfg = Debug|Any CPU
		{67D258C7-B132-4A94-A82A-A1D847A24D73}.Debug|Any CPU.Build.0 = Debug|Any CPU
		{67D258C7-B132-4A94-A82A-A1D847A24D73}.Release|Any CPU.ActiveCfg = Release|Any CPU
		{67D258C7-B132-4A94-A82A-A1D847A24D73}.Release|Any CPU.Build.0 = Release|Any CPU
	EndGlobalSection
	GlobalSection(SolutionProperties) = preSolution
		HideSolutionNode = FALSE
	EndGlobalSection
	GlobalSection(ExtensibilityGlobals) = postSolution
		SolutionGuid = {3B20D085-9E09-4BAC-AE39-7DE48FFC5A8C}
	EndGlobalSection
EndGlobal
