
Microsoft Visual Studio Solution File, Format Version 12.00
# Visual Studio Version 17
VisualStudioVersion = 17.11.35327.3
MinimumVisualStudioVersion = 10.0.40219.1
Project("{9A19103F-16F7-4668-BE54-9A1E7A4F7556}") = "ContactMate.Api", "ContactMate.Api\ContactMate.Api.csproj", "{3A4DDF73-3430-4F3D-8604-3ED2F43904D5}"
EndProject
Project("{9A19103F-16F7-4668-BE54-9A1E7A4F7556}") = "ContactMate.Dal", "ContactMate.Dal\ContactMate.Dal.csproj", "{E7B3203F-03B0-47D4-AA74-7C8891269BA1}"
EndProject
Project("{9A19103F-16F7-4668-BE54-9A1E7A4F7556}") = "ContactMate.Bll", "ContactMate.Bll\ContactMate.Bll.csproj", "{6FBFB817-DCE8-49D8-925F-9601655F2AA4}"
EndProject
Project("{9A19103F-16F7-4668-BE54-9A1E7A4F7556}") = "ContactMate.Core", "ContactMate.Core\ContactMate.Core.csproj", "{B901F553-EAB4-4B20-9774-D914ED4607D1}"
EndProject
Global
	GlobalSection(SolutionConfigurationPlatforms) = preSolution
		Debug|Any CPU = Debug|Any CPU
		Release|Any CPU = Release|Any CPU
	EndGlobalSection
	GlobalSection(ProjectConfigurationPlatforms) = postSolution
		{3A4DDF73-3430-4F3D-8604-3ED2F43904D5}.Debug|Any CPU.ActiveCfg = Debug|Any CPU
		{3A4DDF73-3430-4F3D-8604-3ED2F43904D5}.Debug|Any CPU.Build.0 = Debug|Any CPU
		{3A4DDF73-3430-4F3D-8604-3ED2F43904D5}.Release|Any CPU.ActiveCfg = Release|Any CPU
		{3A4DDF73-3430-4F3D-8604-3ED2F43904D5}.Release|Any CPU.Build.0 = Release|Any CPU
		{E7B3203F-03B0-47D4-AA74-7C8891269BA1}.Debug|Any CPU.ActiveCfg = Debug|Any CPU
		{E7B3203F-03B0-47D4-AA74-7C8891269BA1}.Debug|Any CPU.Build.0 = Debug|Any CPU
		{E7B3203F-03B0-47D4-AA74-7C8891269BA1}.Release|Any CPU.ActiveCfg = Release|Any CPU
		{E7B3203F-03B0-47D4-AA74-7C8891269BA1}.Release|Any CPU.Build.0 = Release|Any CPU
		{6FBFB817-DCE8-49D8-925F-9601655F2AA4}.Debug|Any CPU.ActiveCfg = Debug|Any CPU
		{6FBFB817-DCE8-49D8-925F-9601655F2AA4}.Debug|Any CPU.Build.0 = Debug|Any CPU
		{6FBFB817-DCE8-49D8-925F-9601655F2AA4}.Release|Any CPU.ActiveCfg = Release|Any CPU
		{6FBFB817-DCE8-49D8-925F-9601655F2AA4}.Release|Any CPU.Build.0 = Release|Any CPU
		{B901F553-EAB4-4B20-9774-D914ED4607D1}.Debug|Any CPU.ActiveCfg = Debug|Any CPU
		{B901F553-EAB4-4B20-9774-D914ED4607D1}.Debug|Any CPU.Build.0 = Debug|Any CPU
		{B901F553-EAB4-4B20-9774-D914ED4607D1}.Release|Any CPU.ActiveCfg = Release|Any CPU
		{B901F553-EAB4-4B20-9774-D914ED4607D1}.Release|Any CPU.Build.0 = Release|Any CPU
	EndGlobalSection
	GlobalSection(SolutionProperties) = preSolution
		HideSolutionNode = FALSE
	EndGlobalSection
	GlobalSection(ExtensibilityGlobals) = postSolution
		SolutionGuid = {1336AA74-6B2B-4E2F-82CC-80BE9AE2BAA9}
	EndGlobalSection
EndGlobal
